
Microsoft Visual Studio Solution File, Format Version 12.00
# Visual Studio 15
Project("{FAE04EC0-301F-11D3-BF4B-00C04F79EFBC}") = "UnityEngine.UI", "UnityEngine.UI.csproj", "{1C04B93A-36AA-64E5-C522-4F4B4DCFBCF7}"
EndProject
Project("{FAE04EC0-301F-11D3-BF4B-00C04F79EFBC}") = "UnityEngine.TestRunner", "UnityEngine.TestRunner.csproj", "{617F8C7E-821A-B699-5BB9-0609612552D0}"
EndProject
Project("{FAE04EC0-301F-11D3-BF4B-00C04F79EFBC}") = "Unity.TextMeshPro", "Unity.TextMeshPro.csproj", "{84FF02DA-E251-7D15-4832-09013ABB436F}"
EndProject
Project("{FAE04EC0-301F-11D3-BF4B-00C04F79EFBC}") = "Unity.Timeline", "Unity.Timeline.csproj", "{A6AC3E3E-18FB-CFCF-F6D9-9E38C8A0644C}"
EndProject
Project("{FAE04EC0-301F-11D3-BF4B-00C04F79EFBC}") = "Assembly-CSharp", "Assembly-CSharp.csproj", "{5471E658-4791-A2FE-40C9-6049D6B62D49}"
EndProject
Project("{FAE04EC0-301F-11D3-BF4B-00C04F79EFBC}") = "Unity.TextMeshPro.Editor", "Unity.TextMeshPro.Editor.csproj", "{155B9CE8-2609-100A-5AC9-BEC8E24C19A6}"
EndProject
Project("{FAE04EC0-301F-11D3-BF4B-00C04F79EFBC}") = "Unity.Timeline.Editor", "Unity.Timeline.Editor.csproj", "{462ACD00-2115-EAFE-E33D-78B76ADCA2AD}"
EndProject
Project("{FAE04EC0-301F-11D3-BF4B-00C04F79EFBC}") = "UnityEditor.TestRunner", "UnityEditor.TestRunner.csproj", "{7A4C4187-4535-D10C-3F81-F4D32E8A06F8}"
EndProject
Project("{FAE04EC0-301F-11D3-BF4B-00C04F79EFBC}") = "UnityEditor.UI", "UnityEditor.UI.csproj", "{5EC07F7F-ADC6-E007-9CE8-C36C2EEB8B15}"
EndProject
Project("{FAE04EC0-301F-11D3-BF4B-00C04F79EFBC}") = "Unity.Rider.Editor", "Unity.Rider.Editor.csproj", "{F484E5FA-1DA5-2EFC-3EAC-3074DAEC563B}"
EndProject
Project("{FAE04EC0-301F-11D3-BF4B-00C04F79EFBC}") = "Unity.CollabProxy.Editor", "Unity.CollabProxy.Editor.csproj", "{8B0C067E-961A-50BF-B8F9-6BE6BF9C364F}"
EndProject
Project("{FAE04EC0-301F-11D3-BF4B-00C04F79EFBC}") = "Unity.VSCode.Editor", "Unity.VSCode.Editor.csproj", "{DF876E6C-50D7-4058-3DA1-2630CB2CFC46}"
EndProject
Global
	GlobalSection(SolutionConfigurationPlatforms) = preSolution
		Debug|Any CPU = Debug|Any CPU
		Release|Any CPU = Release|Any CPU
	EndGlobalSection
	GlobalSection(ProjectConfigurationPlatforms) = postSolution
		{1C04B93A-36AA-64E5-C522-4F4B4DCFBCF7}.Debug|Any CPU.ActiveCfg = Debug|Any CPU
		{1C04B93A-36AA-64E5-C522-4F4B4DCFBCF7}.Debug|Any CPU.Build.0 = Debug|Any CPU
		{1C04B93A-36AA-64E5-C522-4F4B4DCFBCF7}.Release|Any CPU.ActiveCfg = Release|Any CPU
		{1C04B93A-36AA-64E5-C522-4F4B4DCFBCF7}.Release|Any CPU.Build.0 = Release|Any CPU
		{617F8C7E-821A-B699-5BB9-0609612552D0}.Debug|Any CPU.ActiveCfg = Debug|Any CPU
		{617F8C7E-821A-B699-5BB9-0609612552D0}.Debug|Any CPU.Build.0 = Debug|Any CPU
		{617F8C7E-821A-B699-5BB9-0609612552D0}.Release|Any CPU.ActiveCfg = Release|Any CPU
		{617F8C7E-821A-B699-5BB9-0609612552D0}.Release|Any CPU.Build.0 = Release|Any CPU
		{84FF02DA-E251-7D15-4832-09013ABB436F}.Debug|Any CPU.ActiveCfg = Debug|Any CPU
		{84FF02DA-E251-7D15-4832-09013ABB436F}.Debug|Any CPU.Build.0 = Debug|Any CPU
		{84FF02DA-E251-7D15-4832-09013ABB436F}.Release|Any CPU.ActiveCfg = Release|Any CPU
		{84FF02DA-E251-7D15-4832-09013ABB436F}.Release|Any CPU.Build.0 = Release|Any CPU
		{A6AC3E3E-18FB-CFCF-F6D9-9E38C8A0644C}.Debug|Any CPU.ActiveCfg = Debug|Any CPU
		{A6AC3E3E-18FB-CFCF-F6D9-9E38C8A0644C}.Debug|Any CPU.Build.0 = Debug|Any CPU
		{A6AC3E3E-18FB-CFCF-F6D9-9E38C8A0644C}.Release|Any CPU.ActiveCfg = Release|Any CPU
		{A6AC3E3E-18FB-CFCF-F6D9-9E38C8A0644C}.Release|Any CPU.Build.0 = Release|Any CPU
		{5471E658-4791-A2FE-40C9-6049D6B62D49}.Debug|Any CPU.ActiveCfg = Debug|Any CPU
		{5471E658-4791-A2FE-40C9-6049D6B62D49}.Debug|Any CPU.Build.0 = Debug|Any CPU
		{5471E658-4791-A2FE-40C9-6049D6B62D49}.Release|Any CPU.ActiveCfg = Release|Any CPU
		{5471E658-4791-A2FE-40C9-6049D6B62D49}.Release|Any CPU.Build.0 = Release|Any CPU
		{155B9CE8-2609-100A-5AC9-BEC8E24C19A6}.Debug|Any CPU.ActiveCfg = Debug|Any CPU
		{155B9CE8-2609-100A-5AC9-BEC8E24C19A6}.Debug|Any CPU.Build.0 = Debug|Any CPU
		{155B9CE8-2609-100A-5AC9-BEC8E24C19A6}.Release|Any CPU.ActiveCfg = Release|Any CPU
		{155B9CE8-2609-100A-5AC9-BEC8E24C19A6}.Release|Any CPU.Build.0 = Release|Any CPU
		{462ACD00-2115-EAFE-E33D-78B76ADCA2AD}.Debug|Any CPU.ActiveCfg = Debug|Any CPU
		{462ACD00-2115-EAFE-E33D-78B76ADCA2AD}.Debug|Any CPU.Build.0 = Debug|Any CPU
		{462ACD00-2115-EAFE-E33D-78B76ADCA2AD}.Release|Any CPU.ActiveCfg = Release|Any CPU
		{462ACD00-2115-EAFE-E33D-78B76ADCA2AD}.Release|Any CPU.Build.0 = Release|Any CPU
		{7A4C4187-4535-D10C-3F81-F4D32E8A06F8}.Debug|Any CPU.ActiveCfg = Debug|Any CPU
		{7A4C4187-4535-D10C-3F81-F4D32E8A06F8}.Debug|Any CPU.Build.0 = Debug|Any CPU
		{7A4C4187-4535-D10C-3F81-F4D32E8A06F8}.Release|Any CPU.ActiveCfg = Release|Any CPU
		{7A4C4187-4535-D10C-3F81-F4D32E8A06F8}.Release|Any CPU.Build.0 = Release|Any CPU
		{5EC07F7F-ADC6-E007-9CE8-C36C2EEB8B15}.Debug|Any CPU.ActiveCfg = Debug|Any CPU
		{5EC07F7F-ADC6-E007-9CE8-C36C2EEB8B15}.Debug|Any CPU.Build.0 = Debug|Any CPU
		{5EC07F7F-ADC6-E007-9CE8-C36C2EEB8B15}.Release|Any CPU.ActiveCfg = Release|Any CPU
		{5EC07F7F-ADC6-E007-9CE8-C36C2EEB8B15}.Release|Any CPU.Build.0 = Release|Any CPU
		{F484E5FA-1DA5-2EFC-3EAC-3074DAEC563B}.Debug|Any CPU.ActiveCfg = Debug|Any CPU
		{F484E5FA-1DA5-2EFC-3EAC-3074DAEC563B}.Debug|Any CPU.Build.0 = Debug|Any CPU
		{F484E5FA-1DA5-2EFC-3EAC-3074DAEC563B}.Release|Any CPU.ActiveCfg = Release|Any CPU
		{F484E5FA-1DA5-2EFC-3EAC-3074DAEC563B}.Release|Any CPU.Build.0 = Release|Any CPU
		{8B0C067E-961A-50BF-B8F9-6BE6BF9C364F}.Debug|Any CPU.ActiveCfg = Debug|Any CPU
		{8B0C067E-961A-50BF-B8F9-6BE6BF9C364F}.Debug|Any CPU.Build.0 = Debug|Any CPU
		{8B0C067E-961A-50BF-B8F9-6BE6BF9C364F}.Release|Any CPU.ActiveCfg = Release|Any CPU
		{8B0C067E-961A-50BF-B8F9-6BE6BF9C364F}.Release|Any CPU.Build.0 = Release|Any CPU
		{DF876E6C-50D7-4058-3DA1-2630CB2CFC46}.Debug|Any CPU.ActiveCfg = Debug|Any CPU
		{DF876E6C-50D7-4058-3DA1-2630CB2CFC46}.Debug|Any CPU.Build.0 = Debug|Any CPU
		{DF876E6C-50D7-4058-3DA1-2630CB2CFC46}.Release|Any CPU.ActiveCfg = Release|Any CPU
		{DF876E6C-50D7-4058-3DA1-2630CB2CFC46}.Release|Any CPU.Build.0 = Release|Any CPU
	EndGlobalSection
	GlobalSection(SolutionProperties) = preSolution
		HideSolutionNode = FALSE
	EndGlobalSection
EndGlobal
